
Microsoft Visual Studio Solution File, Format Version 12.00
# Visual Studio Version 16
VisualStudioVersion = 16.0.29201.188
MinimumVisualStudioVersion = 10.0.40219.1
Project("{8BC9CEB8-8B4A-11D0-8D11-00A0C91BC942}") = "DOAN", "DOAN\DOAN.vcxproj", "{D58073A9-B86C-4836-B04F-3EBCEBA62F1C}"
EndProject
Global
	GlobalSection(SolutionConfigurationPlatforms) = preSolution
		Debug|x64 = Debug|x64
		Debug|x86 = Debug|x86
		Release|x64 = Release|x64
		Release|x86 = Release|x86
	EndGlobalSection
	GlobalSection(ProjectConfigurationPlatforms) = postSolution
		{D58073A9-B86C-4836-B04F-3EBCEBA62F1C}.Debug|x64.ActiveCfg = Debug|x64
		{D58073A9-B86C-4836-B04F-3EBCEBA62F1C}.Debug|x64.Build.0 = Debug|x64
		{D58073A9-B86C-4836-B04F-3EBCEBA62F1C}.Debug|x86.ActiveCfg = Debug|Win32
		{D58073A9-B86C-4836-B04F-3EBCEBA62F1C}.Debug|x86.Build.0 = Debug|Win32
		{D58073A9-B86C-4836-B04F-3EBCEBA62F1C}.Release|x64.ActiveCfg = Release|x64
		{D58073A9-B86C-4836-B04F-3EBCEBA62F1C}.Release|x64.Build.0 = Release|x64
		{D58073A9-B86C-4836-B04F-3EBCEBA62F1C}.Release|x86.ActiveCfg = Release|Win32
		{D58073A9-B86C-4836-B04F-3EBCEBA62F1C}.Release|x86.Build.0 = Release|Win32
	EndGlobalSection
	GlobalSection(SolutionProperties) = preSolution
		HideSolutionNode = FALSE
	EndGlobalSection
	GlobalSection(ExtensibilityGlobals) = postSolution
		SolutionGuid = {B6CDF884-6A1D-4576-8D27-0AD408A6A40E}
	EndGlobalSection
EndGlobal
