<?xml version="1.0" encoding="utf-8"?>
<Project ToolsVersion="4.0" xmlns="http://schemas.microsoft.com/developer/msbuild/2003">
  <ItemGroup>
    <Filter Include="Source Files">
      <UniqueIdentifier>{4FC737F1-C7A5-4376-A066-2A32D752A2FF}</UniqueIdentifier>
      <Extensions>cpp;c;cc;cxx;def;odl;idl;hpj;bat;asm;asmx</Extensions>
    </Filter>
    <Filter Include="Header Files">
      <UniqueIdentifier>{93995380-89BD-4b04-88EB-625FBE52EBFB}</UniqueIdentifier>
      <Extensions>h;hh;hpp;hxx;hm;inl;inc;ipp;xsd</Extensions>
    </Filter>
    <Filter Include="Source Files\Resource Files">
      <UniqueIdentifier>{67DA6AB6-F800-4c08-8B7A-83BB121AAD01}</UniqueIdentifier>
      <Extensions>rc;ico;cur;bmp;dlg;rc2;rct;bin;rgs;gif;jpg;jpeg;jpe;resx;tiff;tif;png;wav;mfcribbon-ms</Extensions>
    </Filter>
  </ItemGroup>
  <ItemGroup>
    <ClCompile Include="Ball.cpp">
      <Filter>Source Files</Filter>
    </ClCompile>
    <ClCompile Include="Paddle.cpp">
      <Filter>Source Files</Filter>
    </ClCompile>
    <ClCompile Include="main.cpp">
      <Filter>Source Files</Filter>
    </ClCompile>
    <ClCompile Include="BackGround.cpp">
      <Filter>Source Files</Filter>
    </ClCompile>
    <ClCompile Include="mathfunction.cpp">
      <Filter>Source Files</Filter>
    </ClCompile>
    <ClCompile Include="PvsP.cpp">
      <Filter>Source Files</Filter>
    </ClCompile>
    <ClCompile Include="TextClass.cpp">
      <Filter>Source Files</Filter>
    </ClCompile>
    <ClCompile Include="Display.cpp">
      <Filter>Source Files</Filter>
    </ClCompile>
    <ClCompile Include="Menu.cpp">
      <Filter>Source Files</Filter>
    </ClCompile>
    <ClCompile Include="Brick.cpp">
      <Filter>Source Files</Filter>
    </ClCompile>
    <ClCompile Include="DataPos.cpp">
      <Filter>Source Files</Filter>
    </ClCompile>
    <ClCompile Include="buildStage.cpp">
      <Filter>Source Files</Filter>
    </ClCompile>
    <ClCompile Include="rewardItem.cpp">
      <Filter>Source Files</Filter>
    </ClCompile>
    <ClCompile Include="BallsHandler.cpp">
      <Filter>Source Files</Filter>
    </ClCompile>
    <ClCompile Include="NormalBrick.cpp">
      <Filter>Source Files</Filter>
    </ClCompile>
    <ClCompile Include="RockBricks.cpp">
      <Filter>Source Files</Filter>
    </ClCompile>
    <ClCompile Include="SpecBricks.cpp">
      <Filter>Source Files</Filter>
    </ClCompile>
    <ClCompile Include="highScore.cpp">
      <Filter>Source Files</Filter>
    </ClCompile>
    <ClCompile Include="listHighScore.cpp">
      <Filter>Source Files</Filter>
    </ClCompile>
    <ClCompile Include="modeGame.cpp">
      <Filter>Source Files</Filter>
    </ClCompile>
    <ClCompile Include="Help.cpp">
      <Filter>Source Files</Filter>
    </ClCompile>
    <ClCompile Include="levelChoice.cpp">
      <Filter>Source Files</Filter>
    </ClCompile>
    <ClCompile Include="ComputerPlay.cpp">
      <Filter>Source Files</Filter>
    </ClCompile>
    <ClCompile Include="continueGame.cpp">
      <Filter>Source Files</Filter>
    </ClCompile>
  </ItemGroup>
  <ItemGroup>
    <ClInclude Include="BackGround.hpp">
      <Filter>Header Files</Filter>
    </ClInclude>
    <ClInclude Include="Define_Header.h">
      <Filter>Header Files</Filter>
    </ClInclude>
    <ClInclude Include="mathfunction.hpp">
      <Filter>Header Files</Filter>
    </ClInclude>
    <ClInclude Include="PvsP.hpp">
      <Filter>Header Files</Filter>
    </ClInclude>
    <ClInclude Include="TextClass.hpp">
      <Filter>Header Files</Filter>
    </ClInclude>
    <ClInclude Include="Display.hpp">
      <Filter>Header Files</Filter>
    </ClInclude>
    <ClInclude Include="Object.hpp">
      <Filter>Header Files</Filter>
    </ClInclude>
    <ClInclude Include="Brick.hpp">
      <Filter>Header Files</Filter>
    </ClInclude>
    <ClInclude Include="DataPos.hpp">
      <Filter>Header Files</Filter>
    </ClInclude>
    <ClInclude Include="Ball.hpp">
      <Filter>Header Files</Filter>
    </ClInclude>
    <ClInclude Include="buildStage.hpp">
      <Filter>Header Files</Filter>
    </ClInclude>
    <ClInclude Include="rewardItem.h">
      <Filter>Header Files</Filter>
    </ClInclude>
    <ClInclude Include="Paddle.hpp">
      <Filter>Header Files</Filter>
    </ClInclude>
    <ClInclude Include="BallsHandler.h">
      <Filter>Header Files</Filter>
    </ClInclude>
    <ClInclude Include="RockBricks.hpp">
      <Filter>Header Files</Filter>
    </ClInclude>
    <ClInclude Include="SpecBricks.hpp">
      <Filter>Header Files</Filter>
    </ClInclude>
    <ClInclude Include="NormalBrick.hpp">
      <Filter>Header Files</Filter>
    </ClInclude>
    <ClInclude Include="highScore.hpp">
      <Filter>Header Files</Filter>
    </ClInclude>
    <ClInclude Include="listHighScore.hpp">
      <Filter>Header Files</Filter>
    </ClInclude>
    <ClInclude Include="modeGame.hpp">
      <Filter>Header Files</Filter>
    </ClInclude>
    <ClInclude Include="Menu.hpp">
      <Filter>Header Files</Filter>
    </ClInclude>
    <ClInclude Include="Help.hpp">
      <Filter>Header Files</Filter>
    </ClInclude>
    <ClInclude Include="levelChoice.hpp">
      <Filter>Header Files</Filter>
    </ClInclude>
    <ClInclude Include="ComputerPlay.hpp">
      <Filter>Header Files</Filter>
    </ClInclude>
    <ClInclude Include="continueGame.hpp">
      <Filter>Header Files</Filter>
    </ClInclude>
  </ItemGroup>
</Project>